// !$*UTF8*$!
{
	archiveVersion = 1;
	classes = {
	};
	objectVersion = 46;
	objects = {

/* Begin PBXBuildFile section */
		772C18F21DAB887800A93B17 /* main.m in Sources */ = {isa = PBXBuildFile; fileRef = 772C18F11DAB887800A93B17 /* main.m */; };
		772C18F51DAB887900A93B17 /* AppDelegate.m in Sources */ = {isa = PBXBuildFile; fileRef = 772C18F41DAB887900A93B17 /* AppDelegate.m */; };
		772C18F81DAB887900A93B17 /* ViewController.m in Sources */ = {isa = PBXBuildFile; fileRef = 772C18F71DAB887900A93B17 /* ViewController.m */; };
		772C18FB1DAB887A00A93B17 /* Main.storyboard in Resources */ = {isa = PBXBuildFile; fileRef = 772C18F91DAB887A00A93B17 /* Main.storyboard */; };
		772C18FD1DAB887A00A93B17 /* Assets.xcassets in Resources */ = {isa = PBXBuildFile; fileRef = 772C18FC1DAB887A00A93B17 /* Assets.xcassets */; };
		772C19001DAB887A00A93B17 /* LaunchScreen.storyboard in Resources */ = {isa = PBXBuildFile; fileRef = 772C18FE1DAB887A00A93B17 /* LaunchScreen.storyboard */; };
/* End PBXBuildFile section */

/* Begin PBXFileReference section */
		772C18ED1DAB887800A93B17 /* GRImageAnimation.app */ = {isa = PBXFileReference; explicitFileType = wrapper.application; includeInIndex = 0; path = GRImageAnimation.app; sourceTree = BUILT_PRODUCTS_DIR; };
		772C18F11DAB887800A93B17 /* main.m */ = {isa = PBXFileReference; lastKnownFileType = sourcecode.c.objc; path = main.m; sourceTree = "<group>"; };
		772C18F31DAB887900A93B17 /* AppDelegate.h */ = {isa = PBXFileReference; lastKnownFileType = sourcecode.c.h; path = AppDelegate.h; sourceTree = "<group>"; };
		772C18F41DAB887900A93B17 /* AppDelegate.m */ = {isa = PBXFileReference; lastKnownFileType = sourcecode.c.objc; path = AppDelegate.m; sourceTree = "<group>"; };
		772C18F61DAB887900A93B17 /* ViewController.h */ = {isa = PBXFileReference; lastKnownFileType = sourcecode.c.h; path = ViewController.h; sourceTree = "<group>"; };
		772C18F71DAB887900A93B17 /* ViewController.m */ = {isa = PBXFileReference; lastKnownFileType = sourcecode.c.objc; path = ViewController.m; sourceTree = "<group>"; };
		772C18FA1DAB887A00A93B17 /* Base */ = {isa = PBXFileReference; lastKnownFileType = file.storyboard; name = Base; path = Base.lproj/Main.storyboard; sourceTree = "<group>"; };
		772C18FC1DAB887A00A93B17 /* Assets.xcassets */ = {isa = PBXFileReference; lastKnownFileType = folder.assetcatalog; path = Assets.xcassets; sourceTree = "<group>"; };
		772C18FF1DAB887A00A93B17 /* Base */ = {isa = PBXFileReference; lastKnownFileType = file.storyboard; name = Base; path = Base.lproj/LaunchScreen.storyboard; sourceTree = "<group>"; };
		772C19011DAB887A00A93B17 /* Info.plist */ = {isa = PBXFileReference; lastKnownFileType = text.plist.xml; path = Info.plist; sourceTree = "<group>"; };
/* End PBXFileReference section */

/* Begin PBXFrameworksBuildPhase section */
		772C18EA1DAB887800A93B17 /* Frameworks */ = {
			isa = PBXFrameworksBuildPhase;
			buildActionMask = 2147483647;
			files = (
			);
			runOnlyForDeploymentPostprocessing = 0;
		};
/* End PBXFrameworksBuildPhase section */

/* Begin PBXGroup section */
		772C18E41DAB887800A93B17 = {
			isa = PBXGroup;
			children = (
				772C18EF1DAB887800A93B17 /* GRImageAnimation */,
				772C18EE1DAB887800A93B17 /* Products */,
			);
			sourceTree = "<group>";
		};
		772C18EE1DAB887800A93B17 /* Products */ = {
			isa = PBXGroup;
			children = (
				772C18ED1DAB887800A93B17 /* GRImageAnimation.app */,
			);
			name = Products;
			sourceTree = "<group>";
		};
		772C18EF1DAB887800A93B17 /* GRImageAnimation */ = {
			isa = PBXGroup;
			children = (
				772C18F31DAB887900A93B17 /* AppDelegate.h */,
				772C18F41DAB887900A93B17 /* AppDelegate.m */,
				772C18F61DAB887900A93B17 /* ViewController.h */,
				772C18F71DAB887900A93B17 /* ViewController.m */,
				772C18F91DAB887A00A93B17 /* Main.storyboard */,
				772C18FC1DAB887A00A93B17 /* Assets.xcassets */,
				772C18FE1DAB887A00A93B17 /* LaunchScreen.storyboard */,
				772C19011DAB887A00A93B17 /* Info.plist */,
				772C18F01DAB887800A93B17 /* Supporting Files */,
			);
			path = GRImageAnimation;
			sourceTree = "<group>";
		};
		772C18F01DAB887800A93B17 /* Supporting Files */ = {
			isa = PBXGroup;
			children = (
				772C18F11DAB887800A93B17 /* main.m */,
			);
			name = "Supporting Files";
			sourceTree = "<group>";
		};
/* End PBXGroup section */

/* Begin PBXNativeTarget section */
		772C18EC1DAB887800A93B17 /* GRImageAnimation */ = {
			isa = PBXNativeTarget;
			buildConfigurationList = 772C19041DAB887A00A93B17 /* Build configuration list for PBXNativeTarget "GRImageAnimation" */;
			buildPhases = (
				772C18E91DAB887800A93B17 /* Sources */,
				772C18EA1DAB887800A93B17 /* Frameworks */,
				772C18EB1DAB887800A93B17 /* Resources */,
			);
			buildRules = (
			);
			dependencies = (
			);
			name = GRImageAnimation;
			productName = GRImageAnimation;
			productReference = 772C18ED1DAB887800A93B17 /* GRImageAnimation.app */;
			productType = "com.apple.product-type.application";
		};
/* End PBXNativeTarget section */

/* Begin PBXProject section */
		772C18E51DAB887800A93B17 /* Project object */ = {
			isa = PBXProject;
			attributes = {
				LastUpgradeCheck = 0730;
				ORGANIZATIONNAME = "Gunjan Rane";
				TargetAttributes = {
					772C18EC1DAB887800A93B17 = {
						CreatedOnToolsVersion = 7.3.1;
					};
				};
			};
			buildConfigurationList = 772C18E81DAB887800A93B17 /* Build configuration list for PBXProject "GRImageAnimation" */;
			compatibilityVersion = "Xcode 3.2";
			developmentRegion = English;
			hasScannedForEncodings = 0;
			knownRegions = (
				en,
				Base,
			);
			mainGroup = 772C18E41DAB887800A93B17;
			productRefGroup = 772C18EE1DAB887800A93B17 /* Products */;
			projectDirPath = "";
			projectRoot = "";
			targets = (
				772C18EC1DAB887800A93B17 /* GRImageAnimation */,
			);
		};
/* End PBXProject section */

/* Begin PBXResourcesBuildPhase section */
		772C18EB1DAB887800A93B17 /* Resources */ = {
			isa = PBXResourcesBuildPhase;
			buildActionMask = 2147483647;
			files = (
				772C19001DAB887A00A93B17 /* LaunchScreen.storyboard in Resources */,
				772C18FD1DAB887A00A93B17 /* Assets.xcassets in Resources */,
				772C18FB1DAB887A00A93B17 /* Main.storyboard in Resources */,
			);
			runOnlyForDeploymentPostprocessing = 0;
		};
/* End PBXResourcesBuildPhase section */

/* Begin PBXSourcesBuildPhase section */
		772C18E91DAB887800A93B17 /* Sources */ = {
			isa = PBXSourcesBuildPhase;
			buildActionMask = 2147483647;
			files = (
				772C18F81DAB887900A93B17 /* ViewController.m in Sources */,
				772C18F51DAB887900A93B17 /* AppDelegate.m in Sources */,
				772C18F21DAB887800A93B17 /* main.m in Sources */,
			);
			runOnlyForDeploymentPostprocessing = 0;
		};
/* End PBXSourcesBuildPhase section */

/* Begin PBXVariantGroup section */
		772C18F91DAB887A00A93B17 /* Main.storyboard */ = {
			isa = PBXVariantGroup;
			children = (
				772C18FA1DAB887A00A93B17 /* Base */,
			);
			name = Main.storyboard;
			sourceTree = "<group>";
		};
		772C18FE1DAB887A00A93B17 /* LaunchScreen.storyboard */ = {
			isa = PBXVariantGroup;
			children = (
				772C18FF1DAB887A00A93B17 /* Base */,
			);
			name = LaunchScreen.storyboard;
			sourceTree = "<group>";
		};
/* End PBXVariantGroup section */

/* Begin XCBuildConfiguration section */
		772C19021DAB887A00A93B17 /* Debug */ = {
			isa = XCBuildConfiguration;
			buildSettings = {
				ALWAYS_SEARCH_USER_PATHS = NO;
				CLANG_ANALYZER_NONNULL = YES;
				CLANG_CXX_LANGUAGE_STANDARD = "gnu++0x";
				CLANG_CXX_LIBRARY = "libc++";
				CLANG_ENABLE_MODULES = YES;
				CLANG_ENABLE_OBJC_ARC = YES;
				CLANG_WARN_BOOL_CONVERSION = YES;
				CLANG_WARN_CONSTANT_CONVERSION = YES;
				CLANG_WARN_DIRECT_OBJC_ISA_USAGE = YES_ERROR;
				CLANG_WARN_EMPTY_BODY = YES;
				CLANG_WARN_ENUM_CONVERSION = YES;
				CLANG_WARN_INT_CONVERSION = YES;
				CLANG_WARN_OBJC_ROOT_CLASS = YES_ERROR;
				CLANG_WARN_UNREACHABLE_CODE = YES;
				CLANG_WARN__DUPLICATE_METHOD_MATCH = YES;
				"CODE_SIGN_IDENTITY[sdk=iphoneos*]" = "iPhone Developer";
				COPY_PHASE_STRIP = NO;
				DEBUG_INFORMATION_FORMAT = dwarf;
				ENABLE_STRICT_OBJC_MSGSEND = YES;
				ENABLE_TESTABILITY = YES;
				GCC_C_LANGUAGE_STANDARD = gnu99;
				GCC_DYNAMIC_NO_PIC = NO;
				GCC_NO_COMMON_BLOCKS = YES;
				GCC_OPTIMIZATION_LEVEL = 0;
				GCC_PREPROCESSOR_DEFINITIONS = (
					"DEBUG=1",
					"$(inherited)",
				);
				GCC_WARN_64_TO_32_BIT_CONVERSION = YES;
				GCC_WARN_ABOUT_RETURN_TYPE = YES_ERROR;
				GCC_WARN_UNDECLARED_SELECTOR = YES;
				GCC_WARN_UNINITIALIZED_AUTOS = YES_AGGRESSIVE;
				GCC_WARN_UNUSED_FUNCTION = YES;
				GCC_WARN_UNUSED_VARIABLE = YES;
				IPHONEOS_DEPLOYMENT_TARGET = 9.3;
				MTL_ENABLE_DEBUG_INFO = YES;
				ONLY_ACTIVE_ARCH = YES;
				SDKROOT = iphoneos;
				TARGETED_DEVICE_FAMILY = "1,2";
			};
			name = Debug;
		};
		772C19031DAB887A00A93B17 /* Release */ = {
			isa = XCBuildConfiguration;
			buildSettings = {
				ALWAYS_SEARCH_USER_PATHS = NO;
				CLANG_ANALYZER_NONNULL = YES;
				CLANG_CXX_LANGUAGE_STANDARD = "gnu++0x";
				CLANG_CXX_LIBRARY = "libc++";
				CLANG_ENABLE_MODULES = YES;
				CLANG_ENABLE_OBJC_ARC = YES;
				CLANG_WARN_BOOL_CONVERSION = YES;
				CLANG_WARN_CONSTANT_CONVERSION = YES;
				CLANG_WARN_DIRECT_OBJC_ISA_USAGE = YES_ERROR;
				CLANG_WARN_EMPTY_BODY = YES;
				CLANG_WARN_ENUM_CONVERSION = YES;
				CLANG_WARN_INT_CONVERSION = YES;
				CLANG_WARN_OBJC_ROOT_CLASS = YES_ERROR;
				CLANG_WARN_UNREACHABLE_CODE = YES;
				CLANG_WARN__DUPLICATE_METHOD_MATCH = YES;
				"CODE_SIGN_IDENTITY[sdk=iphoneos*]" = "iPhone Developer";
				COPY_PHASE_STRIP = NO;
				DEBUG_INFORMATION_FORMAT = "dwarf-with-dsym";
				ENABLE_NS_ASSERTIONS = NO;
				ENABLE_STRICT_OBJC_MSGSEND = YES;
				GCC_C_LANGUAGE_STANDARD = gnu99;
				GCC_NO_COMMON_BLOCKS = YES;
				GCC_WARN_64_TO_32_BIT_CONVERSION = YES;
				GCC_WARN_ABOUT_RETURN_TYPE = YES_ERROR;
				GCC_WARN_UNDECLARED_SELECTOR = YES;
				GCC_WARN_UNINITIALIZED_AUTOS = YES_AGGRESSIVE;
				GCC_WARN_UNUSED_FUNCTION = YES;
				GCC_WARN_UNUSED_VARIABLE = YES;
				IPHONEOS_DEPLOYMENT_TARGET = 9.3;
				MTL_ENABLE_DEBUG_INFO = NO;
				SDKROOT = iphoneos;
				TARGETED_DEVICE_FAMILY = "1,2";
				VALIDATE_PRODUCT = YES;
			};
			name = Release;
		};
		772C19051DAB887A00A93B17 /* Debug */ = {
			isa = XCBuildConfiguration;
			buildSettings = {
				ASSETCATALOG_COMPILER_APPICON_NAME = AppIcon;
				INFOPLIST_FILE = GRImageAnimation/Info.plist;
				LD_RUNPATH_SEARCH_PATHS = "$(inherited) @executable_path/Frameworks";
				PRODUCT_BUNDLE_IDENTIFIER = com.Felix.GRImageAnimation;
				PRODUCT_NAME = "$(TARGET_NAME)";
			};
			name = Debug;
		};
		772C19061DAB887A00A93B17 /* Release */ = {
			isa = XCBuildConfiguration;
			buildSettings = {
				ASSETCATALOG_COMPILER_APPICON_NAME = AppIcon;
				INFOPLIST_FILE = GRImageAnimation/Info.plist;
				LD_RUNPATH_SEARCH_PATHS = "$(inherited) @executable_path/Frameworks";
				PRODUCT_BUNDLE_IDENTIFIER = com.Felix.GRImageAnimation;
				PRODUCT_NAME = "$(TARGET_NAME)";
			};
			name = Release;
		};
/* End XCBuildConfiguration section */

/* Begin XCConfigurationList section */
		772C18E81DAB887800A93B17 /* Build configuration list for PBXProject "GRImageAnimation" */ = {
			isa = XCConfigurationList;
			buildConfigurations = (
				772C19021DAB887A00A93B17 /* Debug */,
				772C19031DAB887A00A93B17 /* Release */,
			);
			defaultConfigurationIsVisible = 0;
			defaultConfigurationName = Release;
		};
		772C19041DAB887A00A93B17 /* Build configuration list for PBXNativeTarget "GRImageAnimation" */ = {
			isa = XCConfigurationList;
			buildConfigurations = (
				772C19051DAB887A00A93B17 /* Debug */,
				772C19061DAB887A00A93B17 /* Release */,
			);
			defaultConfigurationIsVisible = 0;
		};
/* End XCConfigurationList section */
	};
	rootObject = 772C18E51DAB887800A93B17 /* Project object */;
}
